
Microsoft Visual Studio Solution File, Format Version 12.00
# Visual Studio Version 17
VisualStudioVersion = 17.9.34902.65
MinimumVisualStudioVersion = 10.0.40219.1
Project("{FAE04EC0-301F-11D3-BF4B-00C04F79EFBC}") = "API", "API\API.csproj", "{BC656786-08D2-40C9-A18C-5E8FCBFE346A}"
EndProject
Project("{FAE04EC0-301F-11D3-BF4B-00C04F79EFBC}") = "Application", "Application\Application.csproj", "{C3BB9C89-B455-4294-BFF2-7D29DB6A363C}"
EndProject
Project("{FAE04EC0-301F-11D3-BF4B-00C04F79EFBC}") = "Domain", "Domain\Domain.csproj", "{6EBBE25A-B266-4859-A52A-9A9979D7A704}"
EndProject
Project("{FAE04EC0-301F-11D3-BF4B-00C04F79EFBC}") = "Infrastructure", "Infrastructure\Infrastructure.csproj", "{D0DFF9CC-AFB9-406B-A143-4C17B5499D97}"
EndProject
Global
	GlobalSection(SolutionConfigurationPlatforms) = preSolution
		Debug|Any CPU = Debug|Any CPU
		Release|Any CPU = Release|Any CPU
	EndGlobalSection
	GlobalSection(ProjectConfigurationPlatforms) = postSolution
		{BC656786-08D2-40C9-A18C-5E8FCBFE346A}.Debug|Any CPU.ActiveCfg = Debug|Any CPU
		{BC656786-08D2-40C9-A18C-5E8FCBFE346A}.Debug|Any CPU.Build.0 = Debug|Any CPU
		{BC656786-08D2-40C9-A18C-5E8FCBFE346A}.Release|Any CPU.ActiveCfg = Release|Any CPU
		{BC656786-08D2-40C9-A18C-5E8FCBFE346A}.Release|Any CPU.Build.0 = Release|Any CPU
		{C3BB9C89-B455-4294-BFF2-7D29DB6A363C}.Debug|Any CPU.ActiveCfg = Debug|Any CPU
		{C3BB9C89-B455-4294-BFF2-7D29DB6A363C}.Debug|Any CPU.Build.0 = Debug|Any CPU
		{C3BB9C89-B455-4294-BFF2-7D29DB6A363C}.Release|Any CPU.ActiveCfg = Release|Any CPU
		{C3BB9C89-B455-4294-BFF2-7D29DB6A363C}.Release|Any CPU.Build.0 = Release|Any CPU
		{6EBBE25A-B266-4859-A52A-9A9979D7A704}.Debug|Any CPU.ActiveCfg = Debug|Any CPU
		{6EBBE25A-B266-4859-A52A-9A9979D7A704}.Debug|Any CPU.Build.0 = Debug|Any CPU
		{6EBBE25A-B266-4859-A52A-9A9979D7A704}.Release|Any CPU.ActiveCfg = Release|Any CPU
		{6EBBE25A-B266-4859-A52A-9A9979D7A704}.Release|Any CPU.Build.0 = Release|Any CPU
		{D0DFF9CC-AFB9-406B-A143-4C17B5499D97}.Debug|Any CPU.ActiveCfg = Debug|Any CPU
		{D0DFF9CC-AFB9-406B-A143-4C17B5499D97}.Debug|Any CPU.Build.0 = Debug|Any CPU
		{D0DFF9CC-AFB9-406B-A143-4C17B5499D97}.Release|Any CPU.ActiveCfg = Release|Any CPU
		{D0DFF9CC-AFB9-406B-A143-4C17B5499D97}.Release|Any CPU.Build.0 = Release|Any CPU
	EndGlobalSection
	GlobalSection(SolutionProperties) = preSolution
		HideSolutionNode = FALSE
	EndGlobalSection
	GlobalSection(ExtensibilityGlobals) = postSolution
		SolutionGuid = {E9F44E90-2F89-4220-9B25-3E9AB093342C}
	EndGlobalSection
EndGlobal
